
Microsoft Visual Studio Solution File, Format Version 12.00
# Visual Studio Version 17
VisualStudioVersion = 17.9.34728.123
MinimumVisualStudioVersion = 10.0.40219.1
Project("{9A19103F-16F7-4668-BE54-9A1E7A4F7556}") = "BulkyWeb", "BulkyWeb\BulkyWeb.csproj", "{2DFEF097-535C-4DEC-B940-7B36143DD0A8}"
EndProject
Project("{FAE04EC0-301F-11D3-BF4B-00C04F79EFBC}") = "BulkyWebRazor_Temp", "BulkyWebRazor_Temp\BulkyWebRazor_Temp.csproj", "{05F5F4EC-53A6-41B8-969E-D9F5A0DC8CCA}"
EndProject
Project("{FAE04EC0-301F-11D3-BF4B-00C04F79EFBC}") = "Bulky.DataAcces", "Bulky.DataAcces\Bulky.DataAcces.csproj", "{5C5FDA4B-6ED2-42E3-AC8F-94E2354A57A9}"
EndProject
Project("{FAE04EC0-301F-11D3-BF4B-00C04F79EFBC}") = "Bulky.Models", "Bulky.Models\Bulky.Models.csproj", "{24AB27B5-72FC-45A3-8EEF-8F25D1610A03}"
EndProject
Project("{FAE04EC0-301F-11D3-BF4B-00C04F79EFBC}") = "Bulky.Utility", "Bulky.Utility\Bulky.Utility.csproj", "{491AAEDE-5C28-4D37-8F8A-3DFB3BB01881}"
EndProject
Global
	GlobalSection(SolutionConfigurationPlatforms) = preSolution
		Debug|Any CPU = Debug|Any CPU
		Release|Any CPU = Release|Any CPU
	EndGlobalSection
	GlobalSection(ProjectConfigurationPlatforms) = postSolution
		{2DFEF097-535C-4DEC-B940-7B36143DD0A8}.Debug|Any CPU.ActiveCfg = Debug|Any CPU
		{2DFEF097-535C-4DEC-B940-7B36143DD0A8}.Debug|Any CPU.Build.0 = Debug|Any CPU
		{2DFEF097-535C-4DEC-B940-7B36143DD0A8}.Release|Any CPU.ActiveCfg = Release|Any CPU
		{2DFEF097-535C-4DEC-B940-7B36143DD0A8}.Release|Any CPU.Build.0 = Release|Any CPU
		{05F5F4EC-53A6-41B8-969E-D9F5A0DC8CCA}.Debug|Any CPU.ActiveCfg = Debug|Any CPU
		{05F5F4EC-53A6-41B8-969E-D9F5A0DC8CCA}.Debug|Any CPU.Build.0 = Debug|Any CPU
		{05F5F4EC-53A6-41B8-969E-D9F5A0DC8CCA}.Release|Any CPU.ActiveCfg = Release|Any CPU
		{05F5F4EC-53A6-41B8-969E-D9F5A0DC8CCA}.Release|Any CPU.Build.0 = Release|Any CPU
		{5C5FDA4B-6ED2-42E3-AC8F-94E2354A57A9}.Debug|Any CPU.ActiveCfg = Debug|Any CPU
		{5C5FDA4B-6ED2-42E3-AC8F-94E2354A57A9}.Debug|Any CPU.Build.0 = Debug|Any CPU
		{5C5FDA4B-6ED2-42E3-AC8F-94E2354A57A9}.Release|Any CPU.ActiveCfg = Release|Any CPU
		{5C5FDA4B-6ED2-42E3-AC8F-94E2354A57A9}.Release|Any CPU.Build.0 = Release|Any CPU
		{24AB27B5-72FC-45A3-8EEF-8F25D1610A03}.Debug|Any CPU.ActiveCfg = Debug|Any CPU
		{24AB27B5-72FC-45A3-8EEF-8F25D1610A03}.Debug|Any CPU.Build.0 = Debug|Any CPU
		{24AB27B5-72FC-45A3-8EEF-8F25D1610A03}.Release|Any CPU.ActiveCfg = Release|Any CPU
		{24AB27B5-72FC-45A3-8EEF-8F25D1610A03}.Release|Any CPU.Build.0 = Release|Any CPU
		{491AAEDE-5C28-4D37-8F8A-3DFB3BB01881}.Debug|Any CPU.ActiveCfg = Debug|Any CPU
		{491AAEDE-5C28-4D37-8F8A-3DFB3BB01881}.Debug|Any CPU.Build.0 = Debug|Any CPU
		{491AAEDE-5C28-4D37-8F8A-3DFB3BB01881}.Release|Any CPU.ActiveCfg = Release|Any CPU
		{491AAEDE-5C28-4D37-8F8A-3DFB3BB01881}.Release|Any CPU.Build.0 = Release|Any CPU
	EndGlobalSection
	GlobalSection(SolutionProperties) = preSolution
		HideSolutionNode = FALSE
	EndGlobalSection
	GlobalSection(ExtensibilityGlobals) = postSolution
		SolutionGuid = {F04E0976-9C58-4294-BFC4-498953A27521}
	EndGlobalSection
EndGlobal
